// !$*UTF8*$!
{
	archiveVersion = 1;
	classes = {
	};
	objectVersion = 50;
	objects = {

/* Begin PBXBuildFile section */
		3FDEBC82763F7CC0C1396840 /* Pods_Smack.framework in Frameworks */ = {isa = PBXBuildFile; fileRef = 58146AD83E0C5AFB5EDDAACE /* Pods_Smack.framework */; };
		6905F3BA211DF721007765CA /* AppDelegate.swift in Sources */ = {isa = PBXBuildFile; fileRef = 6905F3B9211DF721007765CA /* AppDelegate.swift */; };
		6905F3BC211DF721007765CA /* ViewController.swift in Sources */ = {isa = PBXBuildFile; fileRef = 6905F3BB211DF721007765CA /* ViewController.swift */; };
		6905F3BF211DF721007765CA /* Main.storyboard in Resources */ = {isa = PBXBuildFile; fileRef = 6905F3BD211DF721007765CA /* Main.storyboard */; };
		6905F3C1211DF726007765CA /* Assets.xcassets in Resources */ = {isa = PBXBuildFile; fileRef = 6905F3C0211DF726007765CA /* Assets.xcassets */; };
		6905F3C4211DF726007765CA /* LaunchScreen.storyboard in Resources */ = {isa = PBXBuildFile; fileRef = 6905F3C2211DF726007765CA /* LaunchScreen.storyboard */; };
		69E7B347211DF8B300F80796 /* SWRevealViewController.m in Sources */ = {isa = PBXBuildFile; fileRef = 69E7B345211DF8B300F80796 /* SWRevealViewController.m */; };
/* End PBXBuildFile section */

/* Begin PBXFileReference section */
		428E91FED1AF59BFBD2256E6 /* Pods-Smack.debug.xcconfig */ = {isa = PBXFileReference; includeInIndex = 1; lastKnownFileType = text.xcconfig; name = "Pods-Smack.debug.xcconfig"; path = "Pods/Target Support Files/Pods-Smack/Pods-Smack.debug.xcconfig"; sourceTree = "<group>"; };
		58146AD83E0C5AFB5EDDAACE /* Pods_Smack.framework */ = {isa = PBXFileReference; explicitFileType = wrapper.framework; includeInIndex = 0; path = Pods_Smack.framework; sourceTree = BUILT_PRODUCTS_DIR; };
		6905F3B6211DF720007765CA /* Smack.app */ = {isa = PBXFileReference; explicitFileType = wrapper.application; includeInIndex = 0; path = Smack.app; sourceTree = BUILT_PRODUCTS_DIR; };
		6905F3B9211DF721007765CA /* AppDelegate.swift */ = {isa = PBXFileReference; lastKnownFileType = sourcecode.swift; path = AppDelegate.swift; sourceTree = "<group>"; };
		6905F3BB211DF721007765CA /* ViewController.swift */ = {isa = PBXFileReference; lastKnownFileType = sourcecode.swift; path = ViewController.swift; sourceTree = "<group>"; };
		6905F3BE211DF721007765CA /* Base */ = {isa = PBXFileReference; lastKnownFileType = file.storyboard; name = Base; path = Base.lproj/Main.storyboard; sourceTree = "<group>"; };
		6905F3C0211DF726007765CA /* Assets.xcassets */ = {isa = PBXFileReference; lastKnownFileType = folder.assetcatalog; path = Assets.xcassets; sourceTree = "<group>"; };
		6905F3C3211DF726007765CA /* Base */ = {isa = PBXFileReference; lastKnownFileType = file.storyboard; name = Base; path = Base.lproj/LaunchScreen.storyboard; sourceTree = "<group>"; };
		6905F3C5211DF726007765CA /* Info.plist */ = {isa = PBXFileReference; lastKnownFileType = text.plist.xml; path = Info.plist; sourceTree = "<group>"; };
		69E7B344211DF8B200F80796 /* Smack-Bridging-Header.h */ = {isa = PBXFileReference; lastKnownFileType = sourcecode.c.h; path = "Smack-Bridging-Header.h"; sourceTree = "<group>"; };
		69E7B345211DF8B300F80796 /* SWRevealViewController.m */ = {isa = PBXFileReference; fileEncoding = 4; lastKnownFileType = sourcecode.c.objc; path = SWRevealViewController.m; sourceTree = "<group>"; };
		69E7B346211DF8B300F80796 /* SWRevealViewController.h */ = {isa = PBXFileReference; fileEncoding = 4; lastKnownFileType = sourcecode.c.h; path = SWRevealViewController.h; sourceTree = "<group>"; };
		F78DC81F24C9257623080F5F /* Pods-Smack.release.xcconfig */ = {isa = PBXFileReference; includeInIndex = 1; lastKnownFileType = text.xcconfig; name = "Pods-Smack.release.xcconfig"; path = "Pods/Target Support Files/Pods-Smack/Pods-Smack.release.xcconfig"; sourceTree = "<group>"; };
/* End PBXFileReference section */

/* Begin PBXFrameworksBuildPhase section */
		6905F3B3211DF720007765CA /* Frameworks */ = {
			isa = PBXFrameworksBuildPhase;
			buildActionMask = 2147483647;
			files = (
				3FDEBC82763F7CC0C1396840 /* Pods_Smack.framework in Frameworks */,
			);
			runOnlyForDeploymentPostprocessing = 0;
		};
/* End PBXFrameworksBuildPhase section */

/* Begin PBXGroup section */
		33525F03375FAD3936C79F9B /* Frameworks */ = {
			isa = PBXGroup;
			children = (
				58146AD83E0C5AFB5EDDAACE /* Pods_Smack.framework */,
			);
			name = Frameworks;
			sourceTree = "<group>";
		};
		5AB62CEC39D1CEAC685620FA /* Pods */ = {
			isa = PBXGroup;
			children = (
				428E91FED1AF59BFBD2256E6 /* Pods-Smack.debug.xcconfig */,
				F78DC81F24C9257623080F5F /* Pods-Smack.release.xcconfig */,
			);
			name = Pods;
			sourceTree = "<group>";
		};
		6905F3AD211DF720007765CA = {
			isa = PBXGroup;
			children = (
				6905F3B8211DF720007765CA /* Smack */,
				6905F3B7211DF720007765CA /* Products */,
				5AB62CEC39D1CEAC685620FA /* Pods */,
				33525F03375FAD3936C79F9B /* Frameworks */,
			);
			sourceTree = "<group>";
		};
		6905F3B7211DF720007765CA /* Products */ = {
			isa = PBXGroup;
			children = (
				6905F3B6211DF720007765CA /* Smack.app */,
			);
			name = Products;
			sourceTree = "<group>";
		};
		6905F3B8211DF720007765CA /* Smack */ = {
			isa = PBXGroup;
			children = (
				69E7B343211DF87600F80796 /* Model */,
				69E7B342211DF87100F80796 /* Controller */,
				69E7B341211DF86A00F80796 /* View */,
				69E7B340211DF85C00F80796 /* Supporting Files */,
				6905F3C0211DF726007765CA /* Assets.xcassets */,
				6905F3C5211DF726007765CA /* Info.plist */,
			);
			path = Smack;
			sourceTree = "<group>";
		};
		69E7B340211DF85C00F80796 /* Supporting Files */ = {
			isa = PBXGroup;
			children = (
				69E7B346211DF8B300F80796 /* SWRevealViewController.h */,
				69E7B345211DF8B300F80796 /* SWRevealViewController.m */,
				69E7B344211DF8B200F80796 /* Smack-Bridging-Header.h */,
			);
			path = "Supporting Files";
			sourceTree = "<group>";
		};
		69E7B341211DF86A00F80796 /* View */ = {
			isa = PBXGroup;
			children = (
				6905F3BD211DF721007765CA /* Main.storyboard */,
				6905F3C2211DF726007765CA /* LaunchScreen.storyboard */,
			);
			path = View;
			sourceTree = "<group>";
		};
		69E7B342211DF87100F80796 /* Controller */ = {
			isa = PBXGroup;
			children = (
				6905F3B9211DF721007765CA /* AppDelegate.swift */,
				6905F3BB211DF721007765CA /* ViewController.swift */,
			);
			path = Controller;
			sourceTree = "<group>";
		};
		69E7B343211DF87600F80796 /* Model */ = {
			isa = PBXGroup;
			children = (
			);
			path = Model;
			sourceTree = "<group>";
		};
/* End PBXGroup section */

/* Begin PBXNativeTarget section */
		6905F3B5211DF720007765CA /* Smack */ = {
			isa = PBXNativeTarget;
			buildConfigurationList = 6905F3C8211DF726007765CA /* Build configuration list for PBXNativeTarget "Smack" */;
			buildPhases = (
				2C83C6407A5B7C39B28C460F /* [CP] Check Pods Manifest.lock */,
				6905F3B2211DF720007765CA /* Sources */,
				6905F3B3211DF720007765CA /* Frameworks */,
				6905F3B4211DF720007765CA /* Resources */,
				FEE27523D179AE11AEBBCBDF /* [CP] Embed Pods Frameworks */,
				113923BFEB758D4020113895 /* [CP] Copy Pods Resources */,
			);
			buildRules = (
			);
			dependencies = (
			);
			name = Smack;
			productName = Smack;
			productReference = 6905F3B6211DF720007765CA /* Smack.app */;
			productType = "com.apple.product-type.application";
		};
/* End PBXNativeTarget section */

/* Begin PBXProject section */
		6905F3AE211DF720007765CA /* Project object */ = {
			isa = PBXProject;
			attributes = {
				LastSwiftUpdateCheck = 0930;
				LastUpgradeCheck = 0930;
				ORGANIZATIONNAME = "Johnny Young";
				TargetAttributes = {
					6905F3B5211DF720007765CA = {
						CreatedOnToolsVersion = 9.3;
						LastSwiftMigration = 0930;
					};
				};
			};
			buildConfigurationList = 6905F3B1211DF720007765CA /* Build configuration list for PBXProject "Smack" */;
			compatibilityVersion = "Xcode 9.3";
			developmentRegion = en;
			hasScannedForEncodings = 0;
			knownRegions = (
				en,
				Base,
			);
			mainGroup = 6905F3AD211DF720007765CA;
			productRefGroup = 6905F3B7211DF720007765CA /* Products */;
			projectDirPath = "";
			projectRoot = "";
			targets = (
				6905F3B5211DF720007765CA /* Smack */,
			);
		};
/* End PBXProject section */

/* Begin PBXResourcesBuildPhase section */
		6905F3B4211DF720007765CA /* Resources */ = {
			isa = PBXResourcesBuildPhase;
			buildActionMask = 2147483647;
			files = (
				6905F3C4211DF726007765CA /* LaunchScreen.storyboard in Resources */,
				6905F3C1211DF726007765CA /* Assets.xcassets in Resources */,
				6905F3BF211DF721007765CA /* Main.storyboard in Resources */,
			);
			runOnlyForDeploymentPostprocessing = 0;
		};
/* End PBXResourcesBuildPhase section */

/* Begin PBXShellScriptBuildPhase section */
		113923BFEB758D4020113895 /* [CP] Copy Pods Resources */ = {
			isa = PBXShellScriptBuildPhase;
			buildActionMask = 2147483647;
			files = (
			);
			inputPaths = (
			);
			name = "[CP] Copy Pods Resources";
			outputPaths = (
			);
			runOnlyForDeploymentPostprocessing = 0;
			shellPath = /bin/sh;
			shellScript = "\"${SRCROOT}/Pods/Target Support Files/Pods-Smack/Pods-Smack-resources.sh\"\n";
			showEnvVarsInLog = 0;
		};
		2C83C6407A5B7C39B28C460F /* [CP] Check Pods Manifest.lock */ = {
			isa = PBXShellScriptBuildPhase;
			buildActionMask = 2147483647;
			files = (
			);
			inputPaths = (
				"${PODS_PODFILE_DIR_PATH}/Podfile.lock",
				"${PODS_ROOT}/Manifest.lock",
			);
			name = "[CP] Check Pods Manifest.lock";
			outputPaths = (
				"$(DERIVED_FILE_DIR)/Pods-Smack-checkManifestLockResult.txt",
			);
			runOnlyForDeploymentPostprocessing = 0;
			shellPath = /bin/sh;
			shellScript = "diff \"${PODS_PODFILE_DIR_PATH}/Podfile.lock\" \"${PODS_ROOT}/Manifest.lock\" > /dev/null\nif [ $? != 0 ] ; then\n    # print error to STDERR\n    echo \"error: The sandbox is not in sync with the Podfile.lock. Run 'pod install' or update your CocoaPods installation.\" >&2\n    exit 1\nfi\n# This output is used by Xcode 'outputs' to avoid re-running this script phase.\necho \"SUCCESS\" > \"${SCRIPT_OUTPUT_FILE_0}\"\n";
			showEnvVarsInLog = 0;
		};
		FEE27523D179AE11AEBBCBDF /* [CP] Embed Pods Frameworks */ = {
			isa = PBXShellScriptBuildPhase;
			buildActionMask = 2147483647;
			files = (
			);
			inputPaths = (
				"${SRCROOT}/Pods/Target Support Files/Pods-Smack/Pods-Smack-frameworks.sh",
				"${BUILT_PRODUCTS_DIR}/Alamofire/Alamofire.framework",
				"${BUILT_PRODUCTS_DIR}/Socket.IO-Client-Swift/SocketIO.framework",
				"${BUILT_PRODUCTS_DIR}/Starscream/Starscream.framework",
				"${BUILT_PRODUCTS_DIR}/SwiftyJSON/SwiftyJSON.framework",
			);
			name = "[CP] Embed Pods Frameworks";
			outputPaths = (
				"${TARGET_BUILD_DIR}/${FRAMEWORKS_FOLDER_PATH}/Alamofire.framework",
				"${TARGET_BUILD_DIR}/${FRAMEWORKS_FOLDER_PATH}/SocketIO.framework",
				"${TARGET_BUILD_DIR}/${FRAMEWORKS_FOLDER_PATH}/Starscream.framework",
				"${TARGET_BUILD_DIR}/${FRAMEWORKS_FOLDER_PATH}/SwiftyJSON.framework",
			);
			runOnlyForDeploymentPostprocessing = 0;
			shellPath = /bin/sh;
			shellScript = "\"${SRCROOT}/Pods/Target Support Files/Pods-Smack/Pods-Smack-frameworks.sh\"\n";
			showEnvVarsInLog = 0;
		};
/* End PBXShellScriptBuildPhase section */

/* Begin PBXSourcesBuildPhase section */
		6905F3B2211DF720007765CA /* Sources */ = {
			isa = PBXSourcesBuildPhase;
			buildActionMask = 2147483647;
			files = (
				6905F3BC211DF721007765CA /* ViewController.swift in Sources */,
				6905F3BA211DF721007765CA /* AppDelegate.swift in Sources */,
				69E7B347211DF8B300F80796 /* SWRevealViewController.m in Sources */,
			);
			runOnlyForDeploymentPostprocessing = 0;
		};
/* End PBXSourcesBuildPhase section */

/* Begin PBXVariantGroup section */
		6905F3BD211DF721007765CA /* Main.storyboard */ = {
			isa = PBXVariantGroup;
			children = (
				6905F3BE211DF721007765CA /* Base */,
			);
			name = Main.storyboard;
			sourceTree = "<group>";
		};
		6905F3C2211DF726007765CA /* LaunchScreen.storyboard */ = {
			isa = PBXVariantGroup;
			children = (
				6905F3C3211DF726007765CA /* Base */,
			);
			name = LaunchScreen.storyboard;
			sourceTree = "<group>";
		};
/* End PBXVariantGroup section */

/* Begin XCBuildConfiguration section */
		6905F3C6211DF726007765CA /* Debug */ = {
			isa = XCBuildConfiguration;
			buildSettings = {
				ALWAYS_SEARCH_USER_PATHS = NO;
				CLANG_ANALYZER_NONNULL = YES;
				CLANG_ANALYZER_NUMBER_OBJECT_CONVERSION = YES_AGGRESSIVE;
				CLANG_CXX_LANGUAGE_STANDARD = "gnu++14";
				CLANG_CXX_LIBRARY = "libc++";
				CLANG_ENABLE_MODULES = YES;
				CLANG_ENABLE_OBJC_ARC = YES;
				CLANG_ENABLE_OBJC_WEAK = YES;
				CLANG_WARN_BLOCK_CAPTURE_AUTORELEASING = YES;
				CLANG_WARN_BOOL_CONVERSION = YES;
				CLANG_WARN_COMMA = YES;
				CLANG_WARN_CONSTANT_CONVERSION = YES;
				CLANG_WARN_DEPRECATED_OBJC_IMPLEMENTATIONS = YES;
				CLANG_WARN_DIRECT_OBJC_ISA_USAGE = YES_ERROR;
				CLANG_WARN_DOCUMENTATION_COMMENTS = YES;
				CLANG_WARN_EMPTY_BODY = YES;
				CLANG_WARN_ENUM_CONVERSION = YES;
				CLANG_WARN_INFINITE_RECURSION = YES;
				CLANG_WARN_INT_CONVERSION = YES;
				CLANG_WARN_NON_LITERAL_NULL_CONVERSION = YES;
				CLANG_WARN_OBJC_IMPLICIT_RETAIN_SELF = YES;
				CLANG_WARN_OBJC_LITERAL_CONVERSION = YES;
				CLANG_WARN_OBJC_ROOT_CLASS = YES_ERROR;
				CLANG_WARN_RANGE_LOOP_ANALYSIS = YES;
				CLANG_WARN_STRICT_PROTOTYPES = YES;
				CLANG_WARN_SUSPICIOUS_MOVE = YES;
				CLANG_WARN_UNGUARDED_AVAILABILITY = YES_AGGRESSIVE;
				CLANG_WARN_UNREACHABLE_CODE = YES;
				CLANG_WARN__DUPLICATE_METHOD_MATCH = YES;
				CODE_SIGN_IDENTITY = "iPhone Developer";
				COPY_PHASE_STRIP = NO;
				DEBUG_INFORMATION_FORMAT = dwarf;
				ENABLE_STRICT_OBJC_MSGSEND = YES;
				ENABLE_TESTABILITY = YES;
				GCC_C_LANGUAGE_STANDARD = gnu11;
				GCC_DYNAMIC_NO_PIC = NO;
				GCC_NO_COMMON_BLOCKS = YES;
				GCC_OPTIMIZATION_LEVEL = 0;
				GCC_PREPROCESSOR_DEFINITIONS = (
					"DEBUG=1",
					"$(inherited)",
				);
				GCC_WARN_64_TO_32_BIT_CONVERSION = YES;
				GCC_WARN_ABOUT_RETURN_TYPE = YES_ERROR;
				GCC_WARN_UNDECLARED_SELECTOR = YES;
				GCC_WARN_UNINITIALIZED_AUTOS = YES_AGGRESSIVE;
				GCC_WARN_UNUSED_FUNCTION = YES;
				GCC_WARN_UNUSED_VARIABLE = YES;
				IPHONEOS_DEPLOYMENT_TARGET = 11.3;
				MTL_ENABLE_DEBUG_INFO = YES;
				ONLY_ACTIVE_ARCH = YES;
				SDKROOT = iphoneos;
				SWIFT_ACTIVE_COMPILATION_CONDITIONS = DEBUG;
				SWIFT_OPTIMIZATION_LEVEL = "-Onone";
			};
			name = Debug;
		};
		6905F3C7211DF726007765CA /* Release */ = {
			isa = XCBuildConfiguration;
			buildSettings = {
				ALWAYS_SEARCH_USER_PATHS = NO;
				CLANG_ANALYZER_NONNULL = YES;
				CLANG_ANALYZER_NUMBER_OBJECT_CONVERSION = YES_AGGRESSIVE;
				CLANG_CXX_LANGUAGE_STANDARD = "gnu++14";
				CLANG_CXX_LIBRARY = "libc++";
				CLANG_ENABLE_MODULES = YES;
				CLANG_ENABLE_OBJC_ARC = YES;
				CLANG_ENABLE_OBJC_WEAK = YES;
				CLANG_WARN_BLOCK_CAPTURE_AUTORELEASING = YES;
				CLANG_WARN_BOOL_CONVERSION = YES;
				CLANG_WARN_COMMA = YES;
				CLANG_WARN_CONSTANT_CONVERSION = YES;
				CLANG_WARN_DEPRECATED_OBJC_IMPLEMENTATIONS = YES;
				CLANG_WARN_DIRECT_OBJC_ISA_USAGE = YES_ERROR;
				CLANG_WARN_DOCUMENTATION_COMMENTS = YES;
				CLANG_WARN_EMPTY_BODY = YES;
				CLANG_WARN_ENUM_CONVERSION = YES;
				CLANG_WARN_INFINITE_RECURSION = YES;
				CLANG_WARN_INT_CONVERSION = YES;
				CLANG_WARN_NON_LITERAL_NULL_CONVERSION = YES;
				CLANG_WARN_OBJC_IMPLICIT_RETAIN_SELF = YES;
				CLANG_WARN_OBJC_LITERAL_CONVERSION = YES;
				CLANG_WARN_OBJC_ROOT_CLASS = YES_ERROR;
				CLANG_WARN_RANGE_LOOP_ANALYSIS = YES;
				CLANG_WARN_STRICT_PROTOTYPES = YES;
				CLANG_WARN_SUSPICIOUS_MOVE = YES;
				CLANG_WARN_UNGUARDED_AVAILABILITY = YES_AGGRESSIVE;
				CLANG_WARN_UNREACHABLE_CODE = YES;
				CLANG_WARN__DUPLICATE_METHOD_MATCH = YES;
				CODE_SIGN_IDENTITY = "iPhone Developer";
				COPY_PHASE_STRIP = NO;
				DEBUG_INFORMATION_FORMAT = "dwarf-with-dsym";
				ENABLE_NS_ASSERTIONS = NO;
				ENABLE_STRICT_OBJC_MSGSEND = YES;
				GCC_C_LANGUAGE_STANDARD = gnu11;
				GCC_NO_COMMON_BLOCKS = YES;
				GCC_WARN_64_TO_32_BIT_CONVERSION = YES;
				GCC_WARN_ABOUT_RETURN_TYPE = YES_ERROR;
				GCC_WARN_UNDECLARED_SELECTOR = YES;
				GCC_WARN_UNINITIALIZED_AUTOS = YES_AGGRESSIVE;
				GCC_WARN_UNUSED_FUNCTION = YES;
				GCC_WARN_UNUSED_VARIABLE = YES;
				IPHONEOS_DEPLOYMENT_TARGET = 11.3;
				MTL_ENABLE_DEBUG_INFO = NO;
				SDKROOT = iphoneos;
				SWIFT_COMPILATION_MODE = wholemodule;
				SWIFT_OPTIMIZATION_LEVEL = "-O";
				VALIDATE_PRODUCT = YES;
			};
			name = Release;
		};
		6905F3C9211DF726007765CA /* Debug */ = {
			isa = XCBuildConfiguration;
			baseConfigurationReference = 428E91FED1AF59BFBD2256E6 /* Pods-Smack.debug.xcconfig */;
			buildSettings = {
				ASSETCATALOG_COMPILER_APPICON_NAME = AppIcon;
				CLANG_ENABLE_MODULES = YES;
				CODE_SIGN_STYLE = Automatic;
				DEVELOPMENT_TEAM = 9U8FL2384T;
				INFOPLIST_FILE = Smack/Info.plist;
				LD_RUNPATH_SEARCH_PATHS = (
					"$(inherited)",
					"@executable_path/Frameworks",
				);
				PRODUCT_BUNDLE_IDENTIFIER = com.johnnyyoung.Smack;
				PRODUCT_NAME = "$(TARGET_NAME)";
				SWIFT_OBJC_BRIDGING_HEADER = "Smack/Supporting Files/Smack-Bridging-Header.h";
				SWIFT_OPTIMIZATION_LEVEL = "-Onone";
				SWIFT_VERSION = 4.0;
				TARGETED_DEVICE_FAMILY = "1,2";
			};
			name = Debug;
		};
		6905F3CA211DF726007765CA /* Release */ = {
			isa = XCBuildConfiguration;
			baseConfigurationReference = F78DC81F24C9257623080F5F /* Pods-Smack.release.xcconfig */;
			buildSettings = {
				ASSETCATALOG_COMPILER_APPICON_NAME = AppIcon;
				CLANG_ENABLE_MODULES = YES;
				CODE_SIGN_STYLE = Automatic;
				DEVELOPMENT_TEAM = 9U8FL2384T;
				INFOPLIST_FILE = Smack/Info.plist;
				LD_RUNPATH_SEARCH_PATHS = (
					"$(inherited)",
					"@executable_path/Frameworks",
				);
				PRODUCT_BUNDLE_IDENTIFIER = com.johnnyyoung.Smack;
				PRODUCT_NAME = "$(TARGET_NAME)";
				SWIFT_OBJC_BRIDGING_HEADER = "Smack/Supporting Files/Smack-Bridging-Header.h";
				SWIFT_VERSION = 4.0;
				TARGETED_DEVICE_FAMILY = "1,2";
			};
			name = Release;
		};
/* End XCBuildConfiguration section */

/* Begin XCConfigurationList section */
		6905F3B1211DF720007765CA /* Build configuration list for PBXProject "Smack" */ = {
			isa = XCConfigurationList;
			buildConfigurations = (
				6905F3C6211DF726007765CA /* Debug */,
				6905F3C7211DF726007765CA /* Release */,
			);
			defaultConfigurationIsVisible = 0;
			defaultConfigurationName = Release;
		};
		6905F3C8211DF726007765CA /* Build configuration list for PBXNativeTarget "Smack" */ = {
			isa = XCConfigurationList;
			buildConfigurations = (
				6905F3C9211DF726007765CA /* Debug */,
				6905F3CA211DF726007765CA /* Release */,
			);
			defaultConfigurationIsVisible = 0;
			defaultConfigurationName = Release;
		};
/* End XCConfigurationList section */
	};
	rootObject = 6905F3AE211DF720007765CA /* Project object */;
}
